// !$*UTF8*$!
{
	archiveVersion = 1;
	classes = {
	};
	objectVersion = 56;
	objects = {

/* Begin PBXBuildFile section */
		8503424F29DA05A700928641 /* PhoneTonApp.swift in Sources */ = {isa = PBXBuildFile; fileRef = 8503424E29DA05A700928641 /* PhoneTonApp.swift */; };
		8503425129DA05A700928641 /* ContentView.swift in Sources */ = {isa = PBXBuildFile; fileRef = 8503425029DA05A700928641 /* ContentView.swift */; };
		8503425329DA05A800928641 /* Assets.xcassets in Resources */ = {isa = PBXBuildFile; fileRef = 8503425229DA05A800928641 /* Assets.xcassets */; };
		8503426E29DA19F200928641 /* Shaders.metal in Sources */ = {isa = PBXBuildFile; fileRef = 8503426B29DA19F200928641 /* Shaders.metal */; };
		8503426F29DA19F200928641 /* Renderer.swift in Sources */ = {isa = PBXBuildFile; fileRef = 8503426D29DA19F200928641 /* Renderer.swift */; };
		8503427329DA1A9500928641 /* MetalView.swift in Sources */ = {isa = PBXBuildFile; fileRef = 8503427229DA1A9500928641 /* MetalView.swift */; };
		850B182629E4D31600CD6453 /* models in Resources */ = {isa = PBXBuildFile; fileRef = 850B182529E4D31600CD6453 /* models */; };
		854AFCC629DDD1470054D4D9 /* TinyObjLoader.mm in Sources */ = {isa = PBXBuildFile; fileRef = 854AFCC529DDD1470054D4D9 /* TinyObjLoader.mm */; };
		854AFCC929DDE3990054D4D9 /* Mesh.swift in Sources */ = {isa = PBXBuildFile; fileRef = 854AFCC829DDE3990054D4D9 /* Mesh.swift */; };
		85DD9BE829E4783E0015761E /* Raytracer.metal in Sources */ = {isa = PBXBuildFile; fileRef = 85DD9BE729E4783E0015761E /* Raytracer.metal */; };
/* End PBXBuildFile section */

/* Begin PBXFileReference section */
		8503424B29DA05A700928641 /* Phone-ton.app */ = {isa = PBXFileReference; explicitFileType = wrapper.application; includeInIndex = 0; path = "Phone-ton.app"; sourceTree = BUILT_PRODUCTS_DIR; };
		8503424E29DA05A700928641 /* PhoneTonApp.swift */ = {isa = PBXFileReference; lastKnownFileType = sourcecode.swift; path = PhoneTonApp.swift; sourceTree = "<group>"; };
		8503425029DA05A700928641 /* ContentView.swift */ = {isa = PBXFileReference; lastKnownFileType = sourcecode.swift; path = ContentView.swift; sourceTree = "<group>"; };
		8503425229DA05A800928641 /* Assets.xcassets */ = {isa = PBXFileReference; lastKnownFileType = folder.assetcatalog; path = Assets.xcassets; sourceTree = "<group>"; };
		8503425429DA05A800928641 /* PhoneTon.entitlements */ = {isa = PBXFileReference; lastKnownFileType = text.plist.entitlements; path = PhoneTon.entitlements; sourceTree = "<group>"; };
		8503426B29DA19F200928641 /* Shaders.metal */ = {isa = PBXFileReference; fileEncoding = 4; lastKnownFileType = sourcecode.metal; path = Shaders.metal; sourceTree = "<group>"; };
		8503426C29DA19F200928641 /* ShaderTypes.h */ = {isa = PBXFileReference; fileEncoding = 4; lastKnownFileType = sourcecode.c.h; path = ShaderTypes.h; sourceTree = "<group>"; };
		8503426D29DA19F200928641 /* Renderer.swift */ = {isa = PBXFileReference; fileEncoding = 4; lastKnownFileType = sourcecode.swift; path = Renderer.swift; sourceTree = "<group>"; };
		8503427229DA1A9500928641 /* MetalView.swift */ = {isa = PBXFileReference; lastKnownFileType = sourcecode.swift; path = MetalView.swift; sourceTree = "<group>"; };
		850B182529E4D31600CD6453 /* models */ = {isa = PBXFileReference; lastKnownFileType = folder; path = models; sourceTree = "<group>"; };
		854AFCC329DDD0F70054D4D9 /* tiny_obj_loader.h */ = {isa = PBXFileReference; fileEncoding = 4; lastKnownFileType = sourcecode.c.h; path = tiny_obj_loader.h; sourceTree = "<group>"; };
		854AFCC429DDD1470054D4D9 /* TinyObjLoader.h */ = {isa = PBXFileReference; fileEncoding = 4; lastKnownFileType = sourcecode.c.h; path = TinyObjLoader.h; sourceTree = "<group>"; };
		854AFCC529DDD1470054D4D9 /* TinyObjLoader.mm */ = {isa = PBXFileReference; fileEncoding = 4; lastKnownFileType = sourcecode.cpp.objcpp; path = TinyObjLoader.mm; sourceTree = "<group>"; };
		854AFCC729DDE1950054D4D9 /* BridgingHeader.h */ = {isa = PBXFileReference; lastKnownFileType = sourcecode.c.h; path = BridgingHeader.h; sourceTree = "<group>"; };
		854AFCC829DDE3990054D4D9 /* Mesh.swift */ = {isa = PBXFileReference; fileEncoding = 4; lastKnownFileType = sourcecode.swift; path = Mesh.swift; sourceTree = "<group>"; };
		85DD9BE729E4783E0015761E /* Raytracer.metal */ = {isa = PBXFileReference; lastKnownFileType = sourcecode.metal; path = Raytracer.metal; sourceTree = "<group>"; };
/* End PBXFileReference section */

/* Begin PBXFrameworksBuildPhase section */
		8503424829DA05A700928641 /* Frameworks */ = {
			isa = PBXFrameworksBuildPhase;
			buildActionMask = 2147483647;
			files = (
			);
			runOnlyForDeploymentPostprocessing = 0;
		};
/* End PBXFrameworksBuildPhase section */

/* Begin PBXGroup section */
		8503424229DA05A700928641 = {
			isa = PBXGroup;
			children = (
				854AFCCF29DDEA9F0054D4D9 /* UI */,
				854AFCD129DDEAD80054D4D9 /* Shared */,
				854AFCD029DDEABC0054D4D9 /* Renderer */,
				854AFCCE29DDEA790054D4D9 /* Resources */,
				854AFCC229DDCAA10054D4D9 /* Mesh Loader */,
				8503424C29DA05A700928641 /* Products */,
			);
			sourceTree = "<group>";
		};
		8503424C29DA05A700928641 /* Products */ = {
			isa = PBXGroup;
			children = (
				8503424B29DA05A700928641 /* Phone-ton.app */,
			);
			name = Products;
			sourceTree = "<group>";
		};
		854AFCC229DDCAA10054D4D9 /* Mesh Loader */ = {
			isa = PBXGroup;
			children = (
				854AFCC829DDE3990054D4D9 /* Mesh.swift */,
				854AFCC429DDD1470054D4D9 /* TinyObjLoader.h */,
				854AFCC529DDD1470054D4D9 /* TinyObjLoader.mm */,
				854AFCC329DDD0F70054D4D9 /* tiny_obj_loader.h */,
			);
			path = "Mesh Loader";
			sourceTree = "<group>";
		};
		854AFCCE29DDEA790054D4D9 /* Resources */ = {
			isa = PBXGroup;
			children = (
				8503425229DA05A800928641 /* Assets.xcassets */,
				8503425429DA05A800928641 /* PhoneTon.entitlements */,
				854AFCC729DDE1950054D4D9 /* BridgingHeader.h */,
				850B182529E4D31600CD6453 /* models */,
			);
			path = Resources;
			sourceTree = "<group>";
		};
		854AFCCF29DDEA9F0054D4D9 /* UI */ = {
			isa = PBXGroup;
			children = (
				8503424E29DA05A700928641 /* PhoneTonApp.swift */,
				8503425029DA05A700928641 /* ContentView.swift */,
				8503427229DA1A9500928641 /* MetalView.swift */,
			);
			path = UI;
			sourceTree = "<group>";
		};
		854AFCD029DDEABC0054D4D9 /* Renderer */ = {
			isa = PBXGroup;
			children = (
				8503426D29DA19F200928641 /* Renderer.swift */,
				8503426B29DA19F200928641 /* Shaders.metal */,
				85DD9BE729E4783E0015761E /* Raytracer.metal */,
			);
			path = Renderer;
			sourceTree = "<group>";
		};
		854AFCD129DDEAD80054D4D9 /* Shared */ = {
			isa = PBXGroup;
			children = (
				8503426C29DA19F200928641 /* ShaderTypes.h */,
			);
			path = Shared;
			sourceTree = "<group>";
		};
/* End PBXGroup section */

/* Begin PBXNativeTarget section */
		8503424A29DA05A700928641 /* Phone-ton */ = {
			isa = PBXNativeTarget;
			buildConfigurationList = 8503425A29DA05A800928641 /* Build configuration list for PBXNativeTarget "Phone-ton" */;
			buildPhases = (
				8503424729DA05A700928641 /* Sources */,
				8503424829DA05A700928641 /* Frameworks */,
				8503424929DA05A700928641 /* Resources */,
			);
			buildRules = (
			);
			dependencies = (
			);
			name = "Phone-ton";
			productName = "Phone-ton";
			productReference = 8503424B29DA05A700928641 /* Phone-ton.app */;
			productType = "com.apple.product-type.application";
		};
/* End PBXNativeTarget section */

/* Begin PBXProject section */
		8503424329DA05A700928641 /* Project object */ = {
			isa = PBXProject;
			attributes = {
				BuildIndependentTargetsInParallel = 1;
				LastSwiftUpdateCheck = 1430;
				LastUpgradeCheck = 1430;
				TargetAttributes = {
					8503424A29DA05A700928641 = {
						CreatedOnToolsVersion = 14.3;
					};
				};
			};
			buildConfigurationList = 8503424629DA05A700928641 /* Build configuration list for PBXProject "Phone-ton" */;
			compatibilityVersion = "Xcode 14.0";
			developmentRegion = en;
			hasScannedForEncodings = 0;
			knownRegions = (
				en,
				Base,
			);
			mainGroup = 8503424229DA05A700928641;
			productRefGroup = 8503424C29DA05A700928641 /* Products */;
			projectDirPath = "";
			projectRoot = "";
			targets = (
				8503424A29DA05A700928641 /* Phone-ton */,
			);
		};
/* End PBXProject section */

/* Begin PBXResourcesBuildPhase section */
		8503424929DA05A700928641 /* Resources */ = {
			isa = PBXResourcesBuildPhase;
			buildActionMask = 2147483647;
			files = (
				850B182629E4D31600CD6453 /* models in Resources */,
				8503425329DA05A800928641 /* Assets.xcassets in Resources */,
			);
			runOnlyForDeploymentPostprocessing = 0;
		};
/* End PBXResourcesBuildPhase section */

/* Begin PBXSourcesBuildPhase section */
		8503424729DA05A700928641 /* Sources */ = {
			isa = PBXSourcesBuildPhase;
			buildActionMask = 2147483647;
			files = (
				8503426F29DA19F200928641 /* Renderer.swift in Sources */,
				854AFCC929DDE3990054D4D9 /* Mesh.swift in Sources */,
				8503426E29DA19F200928641 /* Shaders.metal in Sources */,
				8503427329DA1A9500928641 /* MetalView.swift in Sources */,
				8503425129DA05A700928641 /* ContentView.swift in Sources */,
				854AFCC629DDD1470054D4D9 /* TinyObjLoader.mm in Sources */,
				8503424F29DA05A700928641 /* PhoneTonApp.swift in Sources */,
				85DD9BE829E4783E0015761E /* Raytracer.metal in Sources */,
			);
			runOnlyForDeploymentPostprocessing = 0;
		};
/* End PBXSourcesBuildPhase section */

/* Begin XCBuildConfiguration section */
		8503425829DA05A800928641 /* Debug */ = {
			isa = XCBuildConfiguration;
			buildSettings = {
				ALWAYS_SEARCH_USER_PATHS = NO;
				CLANG_ANALYZER_NONNULL = YES;
				CLANG_ANALYZER_NUMBER_OBJECT_CONVERSION = YES_AGGRESSIVE;
				CLANG_CXX_LANGUAGE_STANDARD = "gnu++20";
				CLANG_ENABLE_MODULES = YES;
				CLANG_ENABLE_OBJC_ARC = YES;
				CLANG_ENABLE_OBJC_WEAK = YES;
				CLANG_WARN_BLOCK_CAPTURE_AUTORELEASING = YES;
				CLANG_WARN_BOOL_CONVERSION = YES;
				CLANG_WARN_COMMA = YES;
				CLANG_WARN_CONSTANT_CONVERSION = YES;
				CLANG_WARN_DEPRECATED_OBJC_IMPLEMENTATIONS = YES;
				CLANG_WARN_DIRECT_OBJC_ISA_USAGE = YES_ERROR;
				CLANG_WARN_DOCUMENTATION_COMMENTS = YES;
				CLANG_WARN_EMPTY_BODY = YES;
				CLANG_WARN_ENUM_CONVERSION = YES;
				CLANG_WARN_INFINITE_RECURSION = YES;
				CLANG_WARN_INT_CONVERSION = YES;
				CLANG_WARN_NON_LITERAL_NULL_CONVERSION = YES;
				CLANG_WARN_OBJC_IMPLICIT_RETAIN_SELF = YES;
				CLANG_WARN_OBJC_LITERAL_CONVERSION = YES;
				CLANG_WARN_OBJC_ROOT_CLASS = YES_ERROR;
				CLANG_WARN_QUOTED_INCLUDE_IN_FRAMEWORK_HEADER = YES;
				CLANG_WARN_RANGE_LOOP_ANALYSIS = YES;
				CLANG_WARN_STRICT_PROTOTYPES = YES;
				CLANG_WARN_SUSPICIOUS_MOVE = YES;
				CLANG_WARN_UNGUARDED_AVAILABILITY = YES_AGGRESSIVE;
				CLANG_WARN_UNREACHABLE_CODE = YES;
				CLANG_WARN__DUPLICATE_METHOD_MATCH = YES;
				COPY_PHASE_STRIP = NO;
				DEBUG_INFORMATION_FORMAT = dwarf;
				ENABLE_STRICT_OBJC_MSGSEND = YES;
				ENABLE_TESTABILITY = YES;
				GCC_C_LANGUAGE_STANDARD = gnu11;
				GCC_DYNAMIC_NO_PIC = NO;
				GCC_NO_COMMON_BLOCKS = YES;
				GCC_OPTIMIZATION_LEVEL = 0;
				GCC_PREPROCESSOR_DEFINITIONS = (
					"DEBUG=1",
					"$(inherited)",
				);
				GCC_WARN_64_TO_32_BIT_CONVERSION = YES;
				GCC_WARN_ABOUT_RETURN_TYPE = YES_ERROR;
				GCC_WARN_UNDECLARED_SELECTOR = YES;
				GCC_WARN_UNINITIALIZED_AUTOS = YES_AGGRESSIVE;
				GCC_WARN_UNUSED_FUNCTION = YES;
				GCC_WARN_UNUSED_VARIABLE = YES;
				MACOSX_DEPLOYMENT_TARGET = 12.4;
				MTL_ENABLE_DEBUG_INFO = INCLUDE_SOURCE;
				MTL_FAST_MATH = YES;
				MTL_HEADER_SEARCH_PATHS = Shared;
				ONLY_ACTIVE_ARCH = YES;
				SWIFT_ACTIVE_COMPILATION_CONDITIONS = DEBUG;
				SWIFT_OPTIMIZATION_LEVEL = "-Onone";
			};
			name = Debug;
		};
		8503425929DA05A800928641 /* Release */ = {
			isa = XCBuildConfiguration;
			buildSettings = {
				ALWAYS_SEARCH_USER_PATHS = NO;
				CLANG_ANALYZER_NONNULL = YES;
				CLANG_ANALYZER_NUMBER_OBJECT_CONVERSION = YES_AGGRESSIVE;
				CLANG_CXX_LANGUAGE_STANDARD = "gnu++20";
				CLANG_ENABLE_MODULES = YES;
				CLANG_ENABLE_OBJC_ARC = YES;
				CLANG_ENABLE_OBJC_WEAK = YES;
				CLANG_WARN_BLOCK_CAPTURE_AUTORELEASING = YES;
				CLANG_WARN_BOOL_CONVERSION = YES;
				CLANG_WARN_COMMA = YES;
				CLANG_WARN_CONSTANT_CONVERSION = YES;
				CLANG_WARN_DEPRECATED_OBJC_IMPLEMENTATIONS = YES;
				CLANG_WARN_DIRECT_OBJC_ISA_USAGE = YES_ERROR;
				CLANG_WARN_DOCUMENTATION_COMMENTS = YES;
				CLANG_WARN_EMPTY_BODY = YES;
				CLANG_WARN_ENUM_CONVERSION = YES;
				CLANG_WARN_INFINITE_RECURSION = YES;
				CLANG_WARN_INT_CONVERSION = YES;
				CLANG_WARN_NON_LITERAL_NULL_CONVERSION = YES;
				CLANG_WARN_OBJC_IMPLICIT_RETAIN_SELF = YES;
				CLANG_WARN_OBJC_LITERAL_CONVERSION = YES;
				CLANG_WARN_OBJC_ROOT_CLASS = YES_ERROR;
				CLANG_WARN_QUOTED_INCLUDE_IN_FRAMEWORK_HEADER = YES;
				CLANG_WARN_RANGE_LOOP_ANALYSIS = YES;
				CLANG_WARN_STRICT_PROTOTYPES = YES;
				CLANG_WARN_SUSPICIOUS_MOVE = YES;
				CLANG_WARN_UNGUARDED_AVAILABILITY = YES_AGGRESSIVE;
				CLANG_WARN_UNREACHABLE_CODE = YES;
				CLANG_WARN__DUPLICATE_METHOD_MATCH = YES;
				COPY_PHASE_STRIP = NO;
				DEBUG_INFORMATION_FORMAT = "dwarf-with-dsym";
				ENABLE_NS_ASSERTIONS = NO;
				ENABLE_STRICT_OBJC_MSGSEND = YES;
				GCC_C_LANGUAGE_STANDARD = gnu11;
				GCC_NO_COMMON_BLOCKS = YES;
				GCC_WARN_64_TO_32_BIT_CONVERSION = YES;
				GCC_WARN_ABOUT_RETURN_TYPE = YES_ERROR;
				GCC_WARN_UNDECLARED_SELECTOR = YES;
				GCC_WARN_UNINITIALIZED_AUTOS = YES_AGGRESSIVE;
				GCC_WARN_UNUSED_FUNCTION = YES;
				GCC_WARN_UNUSED_VARIABLE = YES;
				MACOSX_DEPLOYMENT_TARGET = 12.4;
				MTL_ENABLE_DEBUG_INFO = NO;
				MTL_FAST_MATH = YES;
				MTL_HEADER_SEARCH_PATHS = Shared;
				SWIFT_COMPILATION_MODE = wholemodule;
				SWIFT_OPTIMIZATION_LEVEL = "-O";
			};
			name = Release;
		};
		8503425B29DA05A800928641 /* Debug */ = {
			isa = XCBuildConfiguration;
			buildSettings = {
				ASSETCATALOG_COMPILER_APPICON_NAME = AppIcon;
				ASSETCATALOG_COMPILER_GLOBAL_ACCENT_COLOR_NAME = AccentColor;
				CODE_SIGN_ENTITLEMENTS = Resources/PhoneTon.entitlements;
				"CODE_SIGN_IDENTITY[sdk=macosx*]" = "-";
				CODE_SIGN_STYLE = Automatic;
				CURRENT_PROJECT_VERSION = 1;
				DEVELOPMENT_TEAM = 288H3WAR3W;
				ENABLE_HARDENED_RUNTIME = YES;
				ENABLE_PREVIEWS = YES;
				GENERATE_INFOPLIST_FILE = YES;
				"INFOPLIST_KEY_UIApplicationSceneManifest_Generation[sdk=iphoneos*]" = YES;
				"INFOPLIST_KEY_UIApplicationSceneManifest_Generation[sdk=iphonesimulator*]" = YES;
				"INFOPLIST_KEY_UIApplicationSupportsIndirectInputEvents[sdk=iphoneos*]" = YES;
				"INFOPLIST_KEY_UIApplicationSupportsIndirectInputEvents[sdk=iphonesimulator*]" = YES;
				"INFOPLIST_KEY_UILaunchScreen_Generation[sdk=iphoneos*]" = YES;
				"INFOPLIST_KEY_UILaunchScreen_Generation[sdk=iphonesimulator*]" = YES;
				"INFOPLIST_KEY_UIStatusBarStyle[sdk=iphoneos*]" = UIStatusBarStyleDefault;
				"INFOPLIST_KEY_UIStatusBarStyle[sdk=iphonesimulator*]" = UIStatusBarStyleDefault;
				INFOPLIST_KEY_UISupportedInterfaceOrientations_iPad = "UIInterfaceOrientationPortrait UIInterfaceOrientationPortraitUpsideDown UIInterfaceOrientationLandscapeLeft UIInterfaceOrientationLandscapeRight";
				INFOPLIST_KEY_UISupportedInterfaceOrientations_iPhone = "UIInterfaceOrientationPortrait UIInterfaceOrientationLandscapeLeft UIInterfaceOrientationLandscapeRight";
				IPHONEOS_DEPLOYMENT_TARGET = 16.4;
				LD_RUNPATH_SEARCH_PATHS = "@executable_path/Frameworks";
				"LD_RUNPATH_SEARCH_PATHS[sdk=macosx*]" = "@executable_path/../Frameworks";
				MACOSX_DEPLOYMENT_TARGET = 12.4;
				MARKETING_VERSION = 1.0;
				PRODUCT_BUNDLE_IDENTIFIER = "edu.brown.cs.cs2240.Phone-ton";
				PRODUCT_NAME = "$(TARGET_NAME)";
				SDKROOT = auto;
				SUPPORTED_PLATFORMS = "iphoneos iphonesimulator macosx";
				SWIFT_EMIT_LOC_STRINGS = YES;
				SWIFT_OBJC_BRIDGING_HEADER = Resources/BridgingHeader.h;
				SWIFT_VERSION = 5.0;
				TARGETED_DEVICE_FAMILY = "1,2";
			};
			name = Debug;
		};
		8503425C29DA05A800928641 /* Release */ = {
			isa = XCBuildConfiguration;
			buildSettings = {
				ASSETCATALOG_COMPILER_APPICON_NAME = AppIcon;
				ASSETCATALOG_COMPILER_GLOBAL_ACCENT_COLOR_NAME = AccentColor;
				CODE_SIGN_ENTITLEMENTS = Resources/PhoneTon.entitlements;
				"CODE_SIGN_IDENTITY[sdk=macosx*]" = "-";
				CODE_SIGN_STYLE = Automatic;
				CURRENT_PROJECT_VERSION = 1;
				DEVELOPMENT_TEAM = 288H3WAR3W;
				ENABLE_HARDENED_RUNTIME = YES;
				ENABLE_PREVIEWS = YES;
				GENERATE_INFOPLIST_FILE = YES;
				"INFOPLIST_KEY_UIApplicationSceneManifest_Generation[sdk=iphoneos*]" = YES;
				"INFOPLIST_KEY_UIApplicationSceneManifest_Generation[sdk=iphonesimulator*]" = YES;
				"INFOPLIST_KEY_UIApplicationSupportsIndirectInputEvents[sdk=iphoneos*]" = YES;
				"INFOPLIST_KEY_UIApplicationSupportsIndirectInputEvents[sdk=iphonesimulator*]" = YES;
				"INFOPLIST_KEY_UILaunchScreen_Generation[sdk=iphoneos*]" = YES;
				"INFOPLIST_KEY_UILaunchScreen_Generation[sdk=iphonesimulator*]" = YES;
				"INFOPLIST_KEY_UIStatusBarStyle[sdk=iphoneos*]" = UIStatusBarStyleDefault;
				"INFOPLIST_KEY_UIStatusBarStyle[sdk=iphonesimulator*]" = UIStatusBarStyleDefault;
				INFOPLIST_KEY_UISupportedInterfaceOrientations_iPad = "UIInterfaceOrientationPortrait UIInterfaceOrientationPortraitUpsideDown UIInterfaceOrientationLandscapeLeft UIInterfaceOrientationLandscapeRight";
				INFOPLIST_KEY_UISupportedInterfaceOrientations_iPhone = "UIInterfaceOrientationPortrait UIInterfaceOrientationLandscapeLeft UIInterfaceOrientationLandscapeRight";
				IPHONEOS_DEPLOYMENT_TARGET = 16.4;
				LD_RUNPATH_SEARCH_PATHS = "@executable_path/Frameworks";
				"LD_RUNPATH_SEARCH_PATHS[sdk=macosx*]" = "@executable_path/../Frameworks";
				MACOSX_DEPLOYMENT_TARGET = 12.4;
				MARKETING_VERSION = 1.0;
				PRODUCT_BUNDLE_IDENTIFIER = "edu.brown.cs.cs2240.Phone-ton";
				PRODUCT_NAME = "$(TARGET_NAME)";
				SDKROOT = auto;
				SUPPORTED_PLATFORMS = "iphoneos iphonesimulator macosx";
				SWIFT_EMIT_LOC_STRINGS = YES;
				SWIFT_OBJC_BRIDGING_HEADER = Resources/BridgingHeader.h;
				SWIFT_VERSION = 5.0;
				TARGETED_DEVICE_FAMILY = "1,2";
			};
			name = Release;
		};
/* End XCBuildConfiguration section */

/* Begin XCConfigurationList section */
		8503424629DA05A700928641 /* Build configuration list for PBXProject "Phone-ton" */ = {
			isa = XCConfigurationList;
			buildConfigurations = (
				8503425829DA05A800928641 /* Debug */,
				8503425929DA05A800928641 /* Release */,
			);
			defaultConfigurationIsVisible = 0;
			defaultConfigurationName = Release;
		};
		8503425A29DA05A800928641 /* Build configuration list for PBXNativeTarget "Phone-ton" */ = {
			isa = XCConfigurationList;
			buildConfigurations = (
				8503425B29DA05A800928641 /* Debug */,
				8503425C29DA05A800928641 /* Release */,
			);
			defaultConfigurationIsVisible = 0;
			defaultConfigurationName = Release;
		};
/* End XCConfigurationList section */
	};
	rootObject = 8503424329DA05A700928641 /* Project object */;
}
